# THIS IS AN AUTOGENERATED FILE. DO NOT EDIT THIS FILE DIRECTLY.
# yarn lockfile v1


nodemailer@^6.1.1:
  version "6.1.1"
  resolved "https://registry.yarnpkg.com/nodemailer/-/nodemailer-6.1.1.tgz#09e88ef4b3646f01089c5d84d007b872141fb575"
  integrity sha512-/x5MRIh56VyuuhLfcz+DL2SlBARpZpgQIf2A4Ao4hMb69MHSgDIMPwYmFwesGT1lkRDZ0eBSoym5+JoIZ3N+cQ==
